
Microsoft Visual Studio Solution File, Format Version 12.00
# Visual Studio Version 17
VisualStudioVersion = 17.0.31903.59
MinimumVisualStudioVersion = 10.0.40219.1
Project("{2150E333-8FDC-42A3-9474-1A3956D46DE8}") = "src", "src", "{8BAED4DD-ADD0-4556-A38E-EAE3F271EAE6}"
EndProject
Project("{FAE04EC0-301F-11D3-BF4B-00C04F79EFBC}") = "Cyberland.Engine", "src\Cyberland.Engine\Cyberland.Engine.csproj", "{3AEF5CB6-12B7-4A47-A5E1-6820B87CF4D8}"
EndProject
Project("{FAE04EC0-301F-11D3-BF4B-00C04F79EFBC}") = "Cyberland.Host", "src\Cyberland.Host\Cyberland.Host.csproj", "{BCE728C3-10BB-4E6D-AF2E-0C134EABB0EA}"
EndProject
Project("{2150E333-8FDC-42A3-9474-1A3956D46DE8}") = "mods", "mods", "{1018775A-53D1-4C17-8C58-50FDDE130D37}"
EndProject
Project("{FAE04EC0-301F-11D3-BF4B-00C04F79EFBC}") = "Cyberland.Game", "mods\Cyberland.Game\Cyberland.Game.csproj", "{558DF3CC-97AD-48FF-9CCE-827CEFC78A81}"
EndProject
Project("{2150E333-8FDC-42A3-9474-1A3956D46DE8}") = "tests", "tests", "{4DE20FE8-4905-4919-95AC-196A2666BC48}"
EndProject
Project("{FAE04EC0-301F-11D3-BF4B-00C04F79EFBC}") = "Cyberland.Engine.Tests", "tests\Cyberland.Engine.Tests\Cyberland.Engine.Tests.csproj", "{AF8DD875-E838-4E07-A4A0-D335089CB101}"
EndProject
Project("{FAE04EC0-301F-11D3-BF4B-00C04F79EFBC}") = "Cyberland.TestMod", "tests\Cyberland.TestMod\Cyberland.TestMod.csproj", "{711E5531-B738-493A-981A-01CCC00307DC}"
EndProject
Project("{FAE04EC0-301F-11D3-BF4B-00C04F79EFBC}") = "Cyberland.Demo", "mods\Cyberland.Demo\Cyberland.Demo.csproj", "{BA5CC2AD-5998-404E-A572-D993EDBCCB10}"
EndProject
Project("{FAE04EC0-301F-11D3-BF4B-00C04F79EFBC}") = "Cyberland.Demo.Pong", "mods\Cyberland.Demo.Pong\Cyberland.Demo.Pong.csproj", "{30A07F27-3609-4798-BD06-C52310DC113D}"
EndProject
Project("{FAE04EC0-301F-11D3-BF4B-00C04F79EFBC}") = "Cyberland.Demo.Snake", "mods\Cyberland.Demo.Snake\Cyberland.Demo.Snake.csproj", "{FC86BFBF-7998-49D7-AA64-34EACD22AE10}"
EndProject
Project("{FAE04EC0-301F-11D3-BF4B-00C04F79EFBC}") = "Cyberland.Demo.BrickBreaker", "mods\Cyberland.Demo.BrickBreaker\Cyberland.Demo.BrickBreaker.csproj", "{DC8E65AE-8522-456A-A2A2-C49E803CA10D}"
EndProject
Project("{FAE04EC0-301F-11D3-BF4B-00C04F79EFBC}") = "Cyberland.ModPluginHelper", "tests\Cyberland.ModPluginHelper\Cyberland.ModPluginHelper.csproj", "{7F1FE201-EFED-484B-85E2-AAF60EAC27E8}"
EndProject
Project("{FAE04EC0-301F-11D3-BF4B-00C04F79EFBC}") = "Cyberland.Demo.MouseChase", "mods\Cyberland.Demo.MouseChase\Cyberland.Demo.MouseChase.csproj", "{B349B359-CE80-4CDA-93FE-ED312956CFCB}"
EndProject
Project("{FAE04EC0-301F-11D3-BF4B-00C04F79EFBC}") = "Cyberland.Demo.IdleGold", "mods\Cyberland.Demo.IdleGold\Cyberland.Demo.IdleGold.csproj", "{A712F58E-2D41-4F9E-BE67-1CC9F55E7D02}"
EndProject
Project("{FAE04EC0-301F-11D3-BF4B-00C04F79EFBC}") = "Cyberland.Demo.FontTest", "mods\Cyberland.Demo.FontTest\Cyberland.Demo.FontTest.csproj", "{316A3E3E-19C8-403B-8F22-CFBCCD74C8C0}"
EndProject
Project("{FAE04EC0-301F-11D3-BF4B-00C04F79EFBC}") = "Cyberland.Demo.SpriteGallery", "mods\Cyberland.Demo.SpriteGallery\Cyberland.Demo.SpriteGallery.csproj", "{A8F3E2D1-4B5C-4D7E-8F90-1A2B3C4D5E6F}"
EndProject
Project("{FAE04EC0-301F-11D3-BF4B-00C04F79EFBC}") = "Cyberland.Engine.Early", "mods\Cyberland.Engine.Early\Cyberland.Engine.Early.csproj", "{5AEB2008-F615-48F5-B8FD-6892E5047BE7}"
EndProject
Project("{FAE04EC0-301F-11D3-BF4B-00C04F79EFBC}") = "Cyberland.Engine.Late", "mods\Cyberland.Engine.Late\Cyberland.Engine.Late.csproj", "{FA62429F-9A34-437F-AD55-71B3DF88532B}"
EndProject
Project("{FAE04EC0-301F-11D3-BF4B-00C04F79EFBC}") = "Cyberland.Demo.WhackAMole", "mods\Cyberland.Demo.WhackAMole\Cyberland.Demo.WhackAMole.csproj", "{7E1EDB3C-5526-450A-BCDC-ADCDF5888C0A}"
EndProject
Project("{FAE04EC0-301F-11D3-BF4B-00C04F79EFBC}") = "Cyberland.Demo.Rts", "mods\Cyberland.Demo.Rts\Cyberland.Demo.Rts.csproj", "{E3B8F2A1-6C54-4F9A-9B12-8D1E4A2F0C99}"
EndProject
Global
	GlobalSection(SolutionConfigurationPlatforms) = preSolution
		Debug|Any CPU = Debug|Any CPU
		Release|Any CPU = Release|Any CPU
	EndGlobalSection
	GlobalSection(SolutionProperties) = preSolution
		HideSolutionNode = FALSE
	EndGlobalSection
	GlobalSection(ProjectConfigurationPlatforms) = postSolution
		{3AEF5CB6-12B7-4A47-A5E1-6820B87CF4D8}.Debug|Any CPU.ActiveCfg = Debug|Any CPU
		{3AEF5CB6-12B7-4A47-A5E1-6820B87CF4D8}.Debug|Any CPU.Build.0 = Debug|Any CPU
		{3AEF5CB6-12B7-4A47-A5E1-6820B87CF4D8}.Release|Any CPU.ActiveCfg = Release|Any CPU
		{3AEF5CB6-12B7-4A47-A5E1-6820B87CF4D8}.Release|Any CPU.Build.0 = Release|Any CPU
		{BCE728C3-10BB-4E6D-AF2E-0C134EABB0EA}.Debug|Any CPU.ActiveCfg = Debug|Any CPU
		{BCE728C3-10BB-4E6D-AF2E-0C134EABB0EA}.Debug|Any CPU.Build.0 = Debug|Any CPU
		{BCE728C3-10BB-4E6D-AF2E-0C134EABB0EA}.Release|Any CPU.ActiveCfg = Release|Any CPU
		{BCE728C3-10BB-4E6D-AF2E-0C134EABB0EA}.Release|Any CPU.Build.0 = Release|Any CPU
		{558DF3CC-97AD-48FF-9CCE-827CEFC78A81}.Debug|Any CPU.ActiveCfg = Debug|Any CPU
		{558DF3CC-97AD-48FF-9CCE-827CEFC78A81}.Debug|Any CPU.Build.0 = Debug|Any CPU
		{558DF3CC-97AD-48FF-9CCE-827CEFC78A81}.Release|Any CPU.ActiveCfg = Release|Any CPU
		{558DF3CC-97AD-48FF-9CCE-827CEFC78A81}.Release|Any CPU.Build.0 = Release|Any CPU
		{AF8DD875-E838-4E07-A4A0-D335089CB101}.Debug|Any CPU.ActiveCfg = Debug|Any CPU
		{AF8DD875-E838-4E07-A4A0-D335089CB101}.Debug|Any CPU.Build.0 = Debug|Any CPU
		{AF8DD875-E838-4E07-A4A0-D335089CB101}.Release|Any CPU.ActiveCfg = Release|Any CPU
		{AF8DD875-E838-4E07-A4A0-D335089CB101}.Release|Any CPU.Build.0 = Release|Any CPU
		{711E5531-B738-493A-981A-01CCC00307DC}.Debug|Any CPU.ActiveCfg = Debug|Any CPU
		{711E5531-B738-493A-981A-01CCC00307DC}.Debug|Any CPU.Build.0 = Debug|Any CPU
		{711E5531-B738-493A-981A-01CCC00307DC}.Release|Any CPU.ActiveCfg = Release|Any CPU
		{711E5531-B738-493A-981A-01CCC00307DC}.Release|Any CPU.Build.0 = Release|Any CPU
		{BA5CC2AD-5998-404E-A572-D993EDBCCB10}.Debug|Any CPU.ActiveCfg = Debug|Any CPU
		{BA5CC2AD-5998-404E-A572-D993EDBCCB10}.Debug|Any CPU.Build.0 = Debug|Any CPU
		{BA5CC2AD-5998-404E-A572-D993EDBCCB10}.Release|Any CPU.ActiveCfg = Release|Any CPU
		{BA5CC2AD-5998-404E-A572-D993EDBCCB10}.Release|Any CPU.Build.0 = Release|Any CPU
		{30A07F27-3609-4798-BD06-C52310DC113D}.Debug|Any CPU.ActiveCfg = Debug|Any CPU
		{30A07F27-3609-4798-BD06-C52310DC113D}.Debug|Any CPU.Build.0 = Debug|Any CPU
		{30A07F27-3609-4798-BD06-C52310DC113D}.Release|Any CPU.ActiveCfg = Release|Any CPU
		{30A07F27-3609-4798-BD06-C52310DC113D}.Release|Any CPU.Build.0 = Release|Any CPU
		{FC86BFBF-7998-49D7-AA64-34EACD22AE10}.Debug|Any CPU.ActiveCfg = Debug|Any CPU
		{FC86BFBF-7998-49D7-AA64-34EACD22AE10}.Debug|Any CPU.Build.0 = Debug|Any CPU
		{FC86BFBF-7998-49D7-AA64-34EACD22AE10}.Release|Any CPU.ActiveCfg = Release|Any CPU
		{FC86BFBF-7998-49D7-AA64-34EACD22AE10}.Release|Any CPU.Build.0 = Release|Any CPU
		{DC8E65AE-8522-456A-A2A2-C49E803CA10D}.Debug|Any CPU.ActiveCfg = Debug|Any CPU
		{DC8E65AE-8522-456A-A2A2-C49E803CA10D}.Debug|Any CPU.Build.0 = Debug|Any CPU
		{DC8E65AE-8522-456A-A2A2-C49E803CA10D}.Release|Any CPU.ActiveCfg = Release|Any CPU
		{DC8E65AE-8522-456A-A2A2-C49E803CA10D}.Release|Any CPU.Build.0 = Release|Any CPU
		{7F1FE201-EFED-484B-85E2-AAF60EAC27E8}.Debug|Any CPU.ActiveCfg = Debug|Any CPU
		{7F1FE201-EFED-484B-85E2-AAF60EAC27E8}.Debug|Any CPU.Build.0 = Debug|Any CPU
		{7F1FE201-EFED-484B-85E2-AAF60EAC27E8}.Release|Any CPU.ActiveCfg = Release|Any CPU
		{7F1FE201-EFED-484B-85E2-AAF60EAC27E8}.Release|Any CPU.Build.0 = Release|Any CPU
		{B349B359-CE80-4CDA-93FE-ED312956CFCB}.Debug|Any CPU.ActiveCfg = Debug|Any CPU
		{B349B359-CE80-4CDA-93FE-ED312956CFCB}.Debug|Any CPU.Build.0 = Debug|Any CPU
		{B349B359-CE80-4CDA-93FE-ED312956CFCB}.Release|Any CPU.ActiveCfg = Release|Any CPU
		{B349B359-CE80-4CDA-93FE-ED312956CFCB}.Release|Any CPU.Build.0 = Release|Any CPU
		{A712F58E-2D41-4F9E-BE67-1CC9F55E7D02}.Debug|Any CPU.ActiveCfg = Debug|Any CPU
		{A712F58E-2D41-4F9E-BE67-1CC9F55E7D02}.Debug|Any CPU.Build.0 = Debug|Any CPU
		{A712F58E-2D41-4F9E-BE67-1CC9F55E7D02}.Release|Any CPU.ActiveCfg = Release|Any CPU
		{A712F58E-2D41-4F9E-BE67-1CC9F55E7D02}.Release|Any CPU.Build.0 = Release|Any CPU
		{316A3E3E-19C8-403B-8F22-CFBCCD74C8C0}.Debug|Any CPU.ActiveCfg = Debug|Any CPU
		{316A3E3E-19C8-403B-8F22-CFBCCD74C8C0}.Debug|Any CPU.Build.0 = Debug|Any CPU
		{316A3E3E-19C8-403B-8F22-CFBCCD74C8C0}.Release|Any CPU.ActiveCfg = Release|Any CPU
		{316A3E3E-19C8-403B-8F22-CFBCCD74C8C0}.Release|Any CPU.Build.0 = Release|Any CPU
		{A8F3E2D1-4B5C-4D7E-8F90-1A2B3C4D5E6F}.Debug|Any CPU.ActiveCfg = Debug|Any CPU
		{A8F3E2D1-4B5C-4D7E-8F90-1A2B3C4D5E6F}.Debug|Any CPU.Build.0 = Debug|Any CPU
		{A8F3E2D1-4B5C-4D7E-8F90-1A2B3C4D5E6F}.Release|Any CPU.ActiveCfg = Release|Any CPU
		{A8F3E2D1-4B5C-4D7E-8F90-1A2B3C4D5E6F}.Release|Any CPU.Build.0 = Release|Any CPU
		{5AEB2008-F615-48F5-B8FD-6892E5047BE7}.Debug|Any CPU.ActiveCfg = Debug|Any CPU
		{5AEB2008-F615-48F5-B8FD-6892E5047BE7}.Debug|Any CPU.Build.0 = Debug|Any CPU
		{5AEB2008-F615-48F5-B8FD-6892E5047BE7}.Release|Any CPU.ActiveCfg = Release|Any CPU
		{5AEB2008-F615-48F5-B8FD-6892E5047BE7}.Release|Any CPU.Build.0 = Release|Any CPU
		{FA62429F-9A34-437F-AD55-71B3DF88532B}.Debug|Any CPU.ActiveCfg = Debug|Any CPU
		{FA62429F-9A34-437F-AD55-71B3DF88532B}.Debug|Any CPU.Build.0 = Debug|Any CPU
		{FA62429F-9A34-437F-AD55-71B3DF88532B}.Release|Any CPU.ActiveCfg = Release|Any CPU
		{FA62429F-9A34-437F-AD55-71B3DF88532B}.Release|Any CPU.Build.0 = Release|Any CPU
		{7E1EDB3C-5526-450A-BCDC-ADCDF5888C0A}.Debug|Any CPU.ActiveCfg = Debug|Any CPU
		{7E1EDB3C-5526-450A-BCDC-ADCDF5888C0A}.Debug|Any CPU.Build.0 = Debug|Any CPU
		{7E1EDB3C-5526-450A-BCDC-ADCDF5888C0A}.Release|Any CPU.ActiveCfg = Release|Any CPU
		{7E1EDB3C-5526-450A-BCDC-ADCDF5888C0A}.Release|Any CPU.Build.0 = Release|Any CPU
		{E3B8F2A1-6C54-4F9A-9B12-8D1E4A2F0C99}.Debug|Any CPU.ActiveCfg = Debug|Any CPU
		{E3B8F2A1-6C54-4F9A-9B12-8D1E4A2F0C99}.Debug|Any CPU.Build.0 = Debug|Any CPU
		{E3B8F2A1-6C54-4F9A-9B12-8D1E4A2F0C99}.Release|Any CPU.ActiveCfg = Release|Any CPU
		{E3B8F2A1-6C54-4F9A-9B12-8D1E4A2F0C99}.Release|Any CPU.Build.0 = Release|Any CPU
	EndGlobalSection
	GlobalSection(NestedProjects) = preSolution
		{3AEF5CB6-12B7-4A47-A5E1-6820B87CF4D8} = {8BAED4DD-ADD0-4556-A38E-EAE3F271EAE6}
		{BCE728C3-10BB-4E6D-AF2E-0C134EABB0EA} = {8BAED4DD-ADD0-4556-A38E-EAE3F271EAE6}
		{558DF3CC-97AD-48FF-9CCE-827CEFC78A81} = {1018775A-53D1-4C17-8C58-50FDDE130D37}
		{AF8DD875-E838-4E07-A4A0-D335089CB101} = {4DE20FE8-4905-4919-95AC-196A2666BC48}
		{711E5531-B738-493A-981A-01CCC00307DC} = {4DE20FE8-4905-4919-95AC-196A2666BC48}
		{BA5CC2AD-5998-404E-A572-D993EDBCCB10} = {1018775A-53D1-4C17-8C58-50FDDE130D37}
		{30A07F27-3609-4798-BD06-C52310DC113D} = {1018775A-53D1-4C17-8C58-50FDDE130D37}
		{FC86BFBF-7998-49D7-AA64-34EACD22AE10} = {1018775A-53D1-4C17-8C58-50FDDE130D37}
		{DC8E65AE-8522-456A-A2A2-C49E803CA10D} = {1018775A-53D1-4C17-8C58-50FDDE130D37}
		{7F1FE201-EFED-484B-85E2-AAF60EAC27E8} = {4DE20FE8-4905-4919-95AC-196A2666BC48}
		{B349B359-CE80-4CDA-93FE-ED312956CFCB} = {1018775A-53D1-4C17-8C58-50FDDE130D37}
		{A712F58E-2D41-4F9E-BE67-1CC9F55E7D02} = {1018775A-53D1-4C17-8C58-50FDDE130D37}
		{316A3E3E-19C8-403B-8F22-CFBCCD74C8C0} = {1018775A-53D1-4C17-8C58-50FDDE130D37}
		{A8F3E2D1-4B5C-4D7E-8F90-1A2B3C4D5E6F} = {1018775A-53D1-4C17-8C58-50FDDE130D37}
		{5AEB2008-F615-48F5-B8FD-6892E5047BE7} = {1018775A-53D1-4C17-8C58-50FDDE130D37}
		{FA62429F-9A34-437F-AD55-71B3DF88532B} = {1018775A-53D1-4C17-8C58-50FDDE130D37}
		{7E1EDB3C-5526-450A-BCDC-ADCDF5888C0A} = {1018775A-53D1-4C17-8C58-50FDDE130D37}
		{E3B8F2A1-6C54-4F9A-9B12-8D1E4A2F0C99} = {1018775A-53D1-4C17-8C58-50FDDE130D37}
	EndGlobalSection
EndGlobal
